# Generated by pub
# See https://dart.dev/tools/pub/glossary#lockfile
packages:
  _fe_analyzer_shared:
    dependency: transitive
    description:
      name: _fe_analyzer_shared
      sha256: eb376e9acf6938204f90eb3b1f00b578640d3188b4c8a8ec054f9f479af8d051
      url: "https://pub.dev"
    source: hosted
    version: "64.0.0"
  adaptive_number:
    dependency: transitive
    description:
      name: adaptive_number
      sha256: "3a567544e9b5c9c803006f51140ad544aedc79604fd4f3f2c1380003f97c1d77"
      url: "https://pub.dev"
    source: hosted
    version: "1.0.0"
  analyzer:
    dependency: transitive
    description:
      name: analyzer
      sha256: "69f54f967773f6c26c7dcb13e93d7ccee8b17a641689da39e878d5cf13b06893"
      url: "https://pub.dev"
    source: hosted
    version: "6.2.0"
  analyzer_plugin:
    dependency: transitive
    description:
      name: analyzer_plugin
      sha256: "9661b30b13a685efaee9f02e5d01ed9f2b423bd889d28a304d02d704aee69161"
      url: "https://pub.dev"
    source: hosted
    version: "0.11.3"
  archethic_lib_dart:
    dependency: "direct main"
    description:
      name: archethic_lib_dart
      sha256: c5ca74a94135fd443b512961669f950e30848010036bdd31c538e28c97b7b4b3
      url: "https://pub.dev"
    source: hosted
    version: "3.2.0"
  archethic_wallet_client:
    dependency: "direct main"
    description:
      name: archethic_wallet_client
      sha256: "3a69b72a46d7ae02080bb3bdf14c892b9bc49ddb103d2cc40e77f60fbedba503"
      url: "https://pub.dev"
    source: hosted
    version: "1.0.6"
  archive:
    dependency: "direct main"
    description:
      name: archive
      sha256: "0c8368c9b3f0abbc193b9d6133649a614204b528982bebc7026372d61677ce3a"
      url: "https://pub.dev"
    source: hosted
    version: "3.3.7"
  args:
    dependency: transitive
    description:
      name: args
      sha256: eef6c46b622e0494a36c5a12d10d77fb4e855501a91c1b9ef9339326e58f0596
      url: "https://pub.dev"
    source: hosted
    version: "2.4.2"
  async:
    dependency: transitive
    description:
      name: async
      sha256: "947bfcf187f74dbc5e146c9eb9c0f10c9f8b30743e341481c1e2ed3ecc18c20c"
      url: "https://pub.dev"
    source: hosted
    version: "2.11.0"
  basic_utils:
    dependency: "direct main"
    description:
      name: basic_utils
      sha256: "8815477fcf58499e42326bd858e391442425fa57db9a45e48e15224c62049262"
      url: "https://pub.dev"
    source: hosted
    version: "5.5.4"
  boolean_selector:
    dependency: transitive
    description:
      name: boolean_selector
      sha256: "6cfb5af12253eaf2b368f07bacc5a80d1301a071c73360d746b7f2e32d762c66"
      url: "https://pub.dev"
    source: hosted
    version: "2.1.1"
  build:
    dependency: transitive
    description:
      name: build
      sha256: "80184af8b6cb3e5c1c4ec6d8544d27711700bc3e6d2efad04238c7b5290889f0"
      url: "https://pub.dev"
    source: hosted
    version: "2.4.1"
  build_config:
    dependency: transitive
    description:
      name: build_config
      sha256: bf80fcfb46a29945b423bd9aad884590fb1dc69b330a4d4700cac476af1708d1
      url: "https://pub.dev"
    source: hosted
    version: "1.1.1"
  build_daemon:
    dependency: transitive
    description:
      name: build_daemon
      sha256: "5f02d73eb2ba16483e693f80bee4f088563a820e47d1027d4cdfe62b5bb43e65"
      url: "https://pub.dev"
    source: hosted
    version: "4.0.0"
  build_resolvers:
    dependency: transitive
    description:
      name: build_resolvers
      sha256: "6c4dd11d05d056e76320b828a1db0fc01ccd376922526f8e9d6c796a5adbac20"
      url: "https://pub.dev"
    source: hosted
    version: "2.2.1"
  build_runner:
    dependency: "direct dev"
    description:
      name: build_runner
      sha256: "10c6bcdbf9d049a0b666702cf1cee4ddfdc38f02a19d35ae392863b47519848b"
      url: "https://pub.dev"
    source: hosted
    version: "2.4.6"
  build_runner_core:
    dependency: transitive
    description:
      name: build_runner_core
      sha256: "6d6ee4276b1c5f34f21fdf39425202712d2be82019983d52f351c94aafbc2c41"
      url: "https://pub.dev"
    source: hosted
    version: "7.2.10"
  built_collection:
    dependency: transitive
    description:
      name: built_collection
      sha256: "376e3dd27b51ea877c28d525560790aee2e6fbb5f20e2f85d5081027d94e2100"
      url: "https://pub.dev"
    source: hosted
    version: "5.1.1"
  built_value:
    dependency: transitive
    description:
      name: built_value
      sha256: "598a2a682e2a7a90f08ba39c0aaa9374c5112340f0a2e275f61b59389543d166"
      url: "https://pub.dev"
    source: hosted
    version: "8.6.1"
  characters:
    dependency: transitive
    description:
      name: characters
      sha256: "04a925763edad70e8443c99234dc3328f442e811f1d8fd1a72f1c8ad0f69a605"
      url: "https://pub.dev"
    source: hosted
    version: "1.3.0"
  checked_yaml:
    dependency: transitive
    description:
      name: checked_yaml
      sha256: feb6bed21949061731a7a75fc5d2aa727cf160b91af9a3e464c5e3a32e28b5ff
      url: "https://pub.dev"
    source: hosted
    version: "2.0.3"
  ci:
    dependency: transitive
    description:
      name: ci
      sha256: "145d095ce05cddac4d797a158bc4cf3b6016d1fe63d8c3d2fbd7212590adca13"
      url: "https://pub.dev"
    source: hosted
    version: "0.1.0"
  cli_util:
    dependency: transitive
    description:
      name: cli_util
      sha256: b8db3080e59b2503ca9e7922c3df2072cf13992354d5e944074ffa836fba43b7
      url: "https://pub.dev"
    source: hosted
    version: "0.4.0"
  clock:
    dependency: transitive
    description:
      name: clock
      sha256: cb6d7f03e1de671e34607e909a7213e31d7752be4fb66a86d29fe1eb14bfb5cf
      url: "https://pub.dev"
    source: hosted
    version: "1.1.1"
  code_builder:
    dependency: transitive
    description:
      name: code_builder
      sha256: "4ad01d6e56db961d29661561effde45e519939fdaeb46c351275b182eac70189"
      url: "https://pub.dev"
    source: hosted
    version: "4.5.0"
  collection:
    dependency: "direct main"
    description:
      name: collection
      sha256: f092b211a4319e98e5ff58223576de6c2803db36221657b46c82574721240687
      url: "https://pub.dev"
    source: hosted
    version: "1.17.2"
  connectivity_plus:
    dependency: transitive
    description:
      name: connectivity_plus
      sha256: b74247fad72c171381dbe700ca17da24deac637ab6d43c343b42867acb95c991
      url: "https://pub.dev"
    source: hosted
    version: "3.0.6"
  connectivity_plus_platform_interface:
    dependency: transitive
    description:
      name: connectivity_plus_platform_interface
      sha256: cf1d1c28f4416f8c654d7dc3cd638ec586076255d407cef3ddbdaf178272a71a
      url: "https://pub.dev"
    source: hosted
    version: "1.2.4"
  convert:
    dependency: transitive
    description:
      name: convert
      sha256: "0f08b14755d163f6e2134cb58222dd25ea2a2ee8a195e53983d57c075324d592"
      url: "https://pub.dev"
    source: hosted
    version: "3.1.1"
  coverage:
    dependency: transitive
    description:
      name: coverage
      sha256: "2fb815080e44a09b85e0f2ca8a820b15053982b2e714b59267719e8a9ff17097"
      url: "https://pub.dev"
    source: hosted
    version: "1.6.3"
  crypto:
    dependency: "direct main"
    description:
      name: crypto
      sha256: ff625774173754681d66daaf4a448684fb04b78f902da9cb3d308c19cc5e8bab
      url: "https://pub.dev"
    source: hosted
    version: "3.0.3"
  cryptography:
    dependency: transitive
    description:
      name: cryptography
      sha256: df156c5109286340817d21fa7b62f9140f17915077127dd70f8bd7a2a0997a35
      url: "https://pub.dev"
    source: hosted
    version: "2.5.0"
  cupertino_icons:
    dependency: "direct main"
    description:
      name: cupertino_icons
      sha256: e35129dc44c9118cee2a5603506d823bab99c68393879edb440e0090d07586be
      url: "https://pub.dev"
    source: hosted
    version: "1.0.5"
  custom_lint:
    dependency: transitive
    description:
      name: custom_lint
      sha256: ae3cf0f83a155bdfc50315d4a11c7b358ea1e201a57ab0bb2b397f1a9a2a9b80
      url: "https://pub.dev"
    source: hosted
    version: "0.5.2"
  custom_lint_core:
    dependency: transitive
    description:
      name: custom_lint_core
      sha256: a420aa57121a22b2a42e7e1dbbcaf7b91ef73b90adce07149419c16cf67d6fcc
      url: "https://pub.dev"
    source: hosted
    version: "0.5.2"
  dart_style:
    dependency: transitive
    description:
      name: dart_style
      sha256: "1efa911ca7086affd35f463ca2fc1799584fb6aa89883cf0af8e3664d6a02d55"
      url: "https://pub.dev"
    source: hosted
    version: "2.3.2"
  dbus:
    dependency: transitive
    description:
      name: dbus
      sha256: "6f07cba3f7b3448d42d015bfd3d53fe12e5b36da2423f23838efc1d5fb31a263"
      url: "https://pub.dev"
    source: hosted
    version: "0.7.8"
  deeplink_rpc:
    dependency: transitive
    description:
      name: deeplink_rpc
      sha256: "2f5cc42034bba567c7b654be5aa8535602fef1d94842b5de0759db120cf55b9e"
      url: "https://pub.dev"
    source: hosted
    version: "1.0.5"
  dotted_border:
    dependency: "direct main"
    description:
      name: dotted_border
      sha256: "07a5c5e8d4e6e992279e190e0352be8faa5b8f96d81c77a78b2d42f060279840"
      url: "https://pub.dev"
    source: hosted
    version: "2.0.0+3"
  ecdsa:
    dependency: transitive
    description:
      name: ecdsa
      sha256: dd1efbaf6c18bfde9347dddcfe10dce3dd044e5a1b237457a49b5c24850dfb95
      url: "https://pub.dev"
    source: hosted
    version: "0.0.4"
  elliptic:
    dependency: transitive
    description:
      name: elliptic
      sha256: "8c7396126c81c574fe970ac4afe9ba919b1ca754da20b509664be2345ffb2845"
      url: "https://pub.dev"
    source: hosted
    version: "0.3.8"
  equatable:
    dependency: transitive
    description:
      name: equatable
      sha256: c2b87cb7756efdf69892005af546c56c0b5037f54d2a88269b4f347a505e3ca2
      url: "https://pub.dev"
    source: hosted
    version: "2.0.5"
  ffi:
    dependency: transitive
    description:
      name: ffi
      sha256: ed5337a5660c506388a9f012be0288fb38b49020ce2b45fe1f8b8323fe429f99
      url: "https://pub.dev"
    source: hosted
    version: "2.0.2"
  file:
    dependency: transitive
    description:
      name: file
      sha256: "1b92bec4fc2a72f59a8e15af5f52cd441e4a7860b49499d69dfa817af20e925d"
      url: "https://pub.dev"
    source: hosted
    version: "6.1.4"
  file_picker:
    dependency: "direct main"
    description:
      name: file_picker
      sha256: "21145c9c268d54b1f771d8380c195d2d6f655e0567dc1ca2f9c134c02c819e0a"
      url: "https://pub.dev"
    source: hosted
    version: "5.3.3"
  filesize:
    dependency: "direct main"
    description:
      name: filesize
      sha256: f53df1f27ff60e466eefcd9df239e02d4722d5e2debee92a87dfd99ac66de2af
      url: "https://pub.dev"
    source: hosted
    version: "2.0.1"
  fixnum:
    dependency: transitive
    description:
      name: fixnum
      sha256: "25517a4deb0c03aa0f32fd12db525856438902d9c16536311e76cdc57b31d7d1"
      url: "https://pub.dev"
    source: hosted
    version: "1.1.0"
  flutter:
    dependency: "direct main"
    description: flutter
    source: sdk
    version: "0.0.0"
  flutter_animate:
    dependency: "direct main"
    description:
      name: flutter_animate
      sha256: "62f346340a96192070e31e3f2a1bd30a28530f1fe8be978821e06cd56b74d6d2"
      url: "https://pub.dev"
    source: hosted
    version: "4.2.0+1"
  flutter_hooks:
    dependency: transitive
    description:
      name: flutter_hooks
      sha256: "6a126f703b89499818d73305e4ce1e3de33b4ae1c5512e3b8eab4b986f46774c"
      url: "https://pub.dev"
    source: hosted
    version: "0.18.6"
  flutter_lints:
    dependency: "direct dev"
    description:
      name: flutter_lints
      sha256: "2118df84ef0c3ca93f96123a616ae8540879991b8b57af2f81b76a7ada49b2a4"
      url: "https://pub.dev"
    source: hosted
    version: "2.0.2"
  flutter_localizations:
    dependency: "direct main"
    description: flutter
    source: sdk
    version: "0.0.0"
  flutter_plugin_android_lifecycle:
    dependency: transitive
    description:
      name: flutter_plugin_android_lifecycle
      sha256: "950e77c2bbe1692bc0874fc7fb491b96a4dc340457f4ea1641443d0a6c1ea360"
      url: "https://pub.dev"
    source: hosted
    version: "2.0.15"
  flutter_riverpod:
    dependency: "direct main"
    description:
      name: flutter_riverpod
      sha256: b6cb0041c6c11cefb2dcb97ef436eba43c6d41287ac6d8ca93e02a497f53a4f3
      url: "https://pub.dev"
    source: hosted
    version: "2.3.7"
  flutter_staggered_grid_view:
    dependency: "direct main"
    description:
      name: flutter_staggered_grid_view
      sha256: "19e7abb550c96fbfeb546b23f3ff356ee7c59a019a651f8f102a4ba9b7349395"
      url: "https://pub.dev"
    source: hosted
    version: "0.7.0"
  flutter_svg:
    dependency: "direct main"
    description:
      name: flutter_svg
      sha256: "8c5d68a82add3ca76d792f058b186a0599414f279f00ece4830b9b231b570338"
      url: "https://pub.dev"
    source: hosted
    version: "2.0.7"
  flutter_treeview:
    dependency: "direct main"
    description:
      name: flutter_treeview
      sha256: ce7a66452e02877700890cb674773ea0af28d914192acfb5bf55a50ce35b5819
      url: "https://pub.dev"
    source: hosted
    version: "1.0.7+1"
  flutter_web_plugins:
    dependency: transitive
    description: flutter
    source: sdk
    version: "0.0.0"
  freezed:
    dependency: "direct dev"
    description:
      name: freezed
      sha256: "83462cfc33dc9680533a7f3a4a6ab60aa94f287db5f4ee6511248c22833c497f"
      url: "https://pub.dev"
    source: hosted
    version: "2.4.2"
  freezed_annotation:
    dependency: "direct main"
    description:
      name: freezed_annotation
      sha256: c3fd9336eb55a38cc1bbd79ab17573113a8deccd0ecbbf926cca3c62803b5c2d
      url: "https://pub.dev"
    source: hosted
    version: "2.4.1"
  frontend_server_client:
    dependency: transitive
    description:
      name: frontend_server_client
      sha256: "408e3ca148b31c20282ad6f37ebfa6f4bdc8fede5b74bc2f08d9d92b55db3612"
      url: "https://pub.dev"
    source: hosted
    version: "3.2.0"
  get_it:
    dependency: "direct main"
    description:
      name: get_it
      sha256: "529de303c739fca98cd7ece5fca500d8ff89649f1bb4b4e94fb20954abcd7468"
      url: "https://pub.dev"
    source: hosted
    version: "7.6.0"
  glob:
    dependency: transitive
    description:
      name: glob
      sha256: "0e7014b3b7d4dac1ca4d6114f82bf1782ee86745b9b42a92c9289c23d8a0ab63"
      url: "https://pub.dev"
    source: hosted
    version: "2.1.2"
  go_router:
    dependency: "direct main"
    description:
      name: go_router
      sha256: "00d1b67d6e9fa443331da229084dd3eb04407f5a2dff22940bd7bba6af5722c3"
      url: "https://pub.dev"
    source: hosted
    version: "7.1.1"
  gql:
    dependency: "direct main"
    description:
      name: gql
      sha256: "998304fbb88a3956cfea10cd27a56f8e5d4b3bc110f03c952c18a9310774e8bb"
      url: "https://pub.dev"
    source: hosted
    version: "0.14.0"
  gql_dedupe_link:
    dependency: transitive
    description:
      name: gql_dedupe_link
      sha256: "89681048cf956348e865da872a40081499b8c087fc84dd4d4b9c134bd70d27b3"
      url: "https://pub.dev"
    source: hosted
    version: "2.0.3+1"
  gql_error_link:
    dependency: transitive
    description:
      name: gql_error_link
      sha256: e7bfdd2b6232f3e15861cd96c2ad6b7c9c94693843b3dea18295136a5fb5b534
      url: "https://pub.dev"
    source: hosted
    version: "0.2.3+1"
  gql_exec:
    dependency: transitive
    description:
      name: gql_exec
      sha256: "0d1fdb2e4154efbfc1dcf3f35ec36d19c8428ff0d560eb4c45b354f8f871dc50"
      url: "https://pub.dev"
    source: hosted
    version: "0.4.3"
  gql_http_link:
    dependency: transitive
    description:
      name: gql_http_link
      sha256: "89ef87b32947acf4189f564c095f1148b0ab9bb9996fe518716dbad66708b834"
      url: "https://pub.dev"
    source: hosted
    version: "0.4.5"
  gql_link:
    dependency: transitive
    description:
      name: gql_link
      sha256: f7973279126bc922d465c4f4da6ed93d187085e597b3480f5e14e74d28fe14bd
      url: "https://pub.dev"
    source: hosted
    version: "0.5.1"
  gql_transform_link:
    dependency: transitive
    description:
      name: gql_transform_link
      sha256: b1735a9a92d25a92960002a8b40dfaede95ec1e5ed848906125d69efd878661f
      url: "https://pub.dev"
    source: hosted
    version: "0.2.2+1"
  gradient_borders:
    dependency: "direct main"
    description:
      name: gradient_borders
      sha256: "69eeaff519d145a4c6c213ada1abae386bcc8981a4970d923e478ce7ba19e309"
      url: "https://pub.dev"
    source: hosted
    version: "1.0.0"
  graphql:
    dependency: transitive
    description:
      name: graphql
      sha256: b061201579040e9548cec2bae17bbdea0ab30666cb4e7ba48b9675f14d982199
      url: "https://pub.dev"
    source: hosted
    version: "5.1.3"
  graphql_flutter:
    dependency: "direct main"
    description:
      name: graphql_flutter
      sha256: "06059ac9e8417c71582f05e28a59b1416d43959d34a6a0d9565341e3a362e117"
      url: "https://pub.dev"
    source: hosted
    version: "5.1.2"
  graphs:
    dependency: transitive
    description:
      name: graphs
      sha256: aedc5a15e78fc65a6e23bcd927f24c64dd995062bcd1ca6eda65a3cff92a4d19
      url: "https://pub.dev"
    source: hosted
    version: "2.3.1"
  hex:
    dependency: transitive
    description:
      name: hex
      sha256: "4e7cd54e4b59ba026432a6be2dd9d96e4c5205725194997193bf871703b82c4a"
      url: "https://pub.dev"
    source: hosted
    version: "0.2.0"
  hive:
    dependency: "direct main"
    description:
      name: hive
      sha256: "8dcf6db979d7933da8217edcec84e9df1bdb4e4edc7fc77dbd5aa74356d6d941"
      url: "https://pub.dev"
    source: hosted
    version: "2.2.3"
  hive_flutter:
    dependency: "direct main"
    description:
      name: hive_flutter
      sha256: dca1da446b1d808a51689fb5d0c6c9510c0a2ba01e22805d492c73b68e33eecc
      url: "https://pub.dev"
    source: hosted
    version: "1.1.0"
  hive_generator:
    dependency: "direct dev"
    description:
      name: hive_generator
      sha256: "06cb8f58ace74de61f63500564931f9505368f45f98958bd7a6c35ba24159db4"
      url: "https://pub.dev"
    source: hosted
    version: "2.0.1"
  http:
    dependency: transitive
    description:
      name: http
      sha256: "5895291c13fa8a3bd82e76d5627f69e0d85ca6a30dcac95c4ea19a5d555879c2"
      url: "https://pub.dev"
    source: hosted
    version: "0.13.6"
  http_multi_server:
    dependency: transitive
    description:
      name: http_multi_server
      sha256: "97486f20f9c2f7be8f514851703d0119c3596d14ea63227af6f7a481ef2b2f8b"
      url: "https://pub.dev"
    source: hosted
    version: "3.2.1"
  http_parser:
    dependency: transitive
    description:
      name: http_parser
      sha256: "2aa08ce0341cc9b354a498388e30986515406668dbcc4f7c950c3e715496693b"
      url: "https://pub.dev"
    source: hosted
    version: "4.0.2"
  intl:
    dependency: "direct main"
    description:
      name: intl
      sha256: "3bc132a9dbce73a7e4a21a17d06e1878839ffbf975568bc875c60537824b0c4d"
      url: "https://pub.dev"
    source: hosted
    version: "0.18.1"
  io:
    dependency: transitive
    description:
      name: io
      sha256: "2ec25704aba361659e10e3e5f5d672068d332fc8ac516421d483a11e5cbd061e"
      url: "https://pub.dev"
    source: hosted
    version: "1.0.4"
  js:
    dependency: transitive
    description:
      name: js
      sha256: f2c445dce49627136094980615a031419f7f3eb393237e4ecd97ac15dea343f3
      url: "https://pub.dev"
    source: hosted
    version: "0.6.7"
  json_annotation:
    dependency: "direct main"
    description:
      name: json_annotation
      sha256: b10a7b2ff83d83c777edba3c6a0f97045ddadd56c944e1a23a3fdf43a1bf4467
      url: "https://pub.dev"
    source: hosted
    version: "4.8.1"
  json_rpc_2:
    dependency: transitive
    description:
      name: json_rpc_2
      sha256: "5e469bffa23899edacb7b22787780068d650b106a21c76db3c49218ab7ca447e"
      url: "https://pub.dev"
    source: hosted
    version: "3.0.2"
  json_serializable:
    dependency: "direct dev"
    description:
      name: json_serializable
      sha256: aa1f5a8912615733e0fdc7a02af03308933c93235bdc8d50d0b0c8a8ccb0b969
      url: "https://pub.dev"
    source: hosted
    version: "6.7.1"
  jwk:
    dependency: transitive
    description:
      name: jwk
      sha256: "90a38db729726443e687e7620f5ee0b2a41b0670b3a6eee43a84fdf2e0ea643b"
      url: "https://pub.dev"
    source: hosted
    version: "0.1.1"
  lints:
    dependency: transitive
    description:
      name: lints
      sha256: "0a217c6c989d21039f1498c3ed9f3ed71b354e69873f13a8dfc3c9fe76f1b452"
      url: "https://pub.dev"
    source: hosted
    version: "2.1.1"
  loading_indicator:
    dependency: "direct main"
    description:
      name: loading_indicator
      sha256: a101ffb2aa3e646137d7810bfa90b50525dd3f72c01235b6df7491cf6af6f284
      url: "https://pub.dev"
    source: hosted
    version: "3.1.1"
  logging:
    dependency: transitive
    description:
      name: logging
      sha256: "623a88c9594aa774443aa3eb2d41807a48486b5613e67599fb4c41c0ad47c340"
      url: "https://pub.dev"
    source: hosted
    version: "1.2.0"
  matcher:
    dependency: transitive
    description:
      name: matcher
      sha256: "1803e76e6653768d64ed8ff2e1e67bea3ad4b923eb5c56a295c3e634bad5960e"
      url: "https://pub.dev"
    source: hosted
    version: "0.12.16"
  material_color_utilities:
    dependency: transitive
    description:
      name: material_color_utilities
      sha256: "9528f2f296073ff54cb9fee677df673ace1218163c3bc7628093e7eed5203d41"
      url: "https://pub.dev"
    source: hosted
    version: "0.5.0"
  meta:
    dependency: transitive
    description:
      name: meta
      sha256: "3c74dbf8763d36539f114c799d8a2d87343b5067e9d796ca22b5eb8437090ee3"
      url: "https://pub.dev"
    source: hosted
    version: "1.9.1"
  mime:
    dependency: transitive
    description:
      name: mime
      sha256: e4ff8e8564c03f255408decd16e7899da1733852a9110a58fe6d1b817684a63e
      url: "https://pub.dev"
    source: hosted
    version: "1.0.4"
  ninja_asn1:
    dependency: transitive
    description:
      name: ninja_asn1
      sha256: b0f04877243fda51c475ec2bcaadb55a92759baee9f02888124c60775760ccf7
      url: "https://pub.dev"
    source: hosted
    version: "2.0.0"
  nm:
    dependency: transitive
    description:
      name: nm
      sha256: "2c9aae4127bdc8993206464fcc063611e0e36e72018696cd9631023a31b24254"
      url: "https://pub.dev"
    source: hosted
    version: "0.5.0"
  node_preamble:
    dependency: transitive
    description:
      name: node_preamble
      sha256: "6e7eac89047ab8a8d26cf16127b5ed26de65209847630400f9aefd7cd5c730db"
      url: "https://pub.dev"
    source: hosted
    version: "2.0.2"
  normalize:
    dependency: transitive
    description:
      name: normalize
      sha256: baf8caf2d8b745af5737cca6c24f7fe3cf3158897fdbcde9a909b9c8d3e2e5af
      url: "https://pub.dev"
    source: hosted
    version: "0.7.2"
  package_config:
    dependency: transitive
    description:
      name: package_config
      sha256: "1c5b77ccc91e4823a5af61ee74e6b972db1ef98c2ff5a18d3161c982a55448bd"
      url: "https://pub.dev"
    source: hosted
    version: "2.1.0"
  package_info_plus:
    dependency: "direct main"
    description:
      name: package_info_plus
      sha256: "6ff267fcd9d48cb61c8df74a82680e8b82e940231bb5f68356672fde0397334a"
      url: "https://pub.dev"
    source: hosted
    version: "4.1.0"
  package_info_plus_platform_interface:
    dependency: transitive
    description:
      name: package_info_plus_platform_interface
      sha256: "9bc8ba46813a4cc42c66ab781470711781940780fd8beddd0c3da62506d3a6c6"
      url: "https://pub.dev"
    source: hosted
    version: "2.0.1"
  path:
    dependency: "direct main"
    description:
      name: path
      sha256: "8829d8a55c13fc0e37127c29fedf290c102f4e40ae94ada574091fe0ff96c917"
      url: "https://pub.dev"
    source: hosted
    version: "1.8.3"
  path_drawing:
    dependency: transitive
    description:
      name: path_drawing
      sha256: bbb1934c0cbb03091af082a6389ca2080345291ef07a5fa6d6e078ba8682f977
      url: "https://pub.dev"
    source: hosted
    version: "1.0.1"
  path_parsing:
    dependency: transitive
    description:
      name: path_parsing
      sha256: e3e67b1629e6f7e8100b367d3db6ba6af4b1f0bb80f64db18ef1fbabd2fa9ccf
      url: "https://pub.dev"
    source: hosted
    version: "1.0.1"
  path_provider:
    dependency: transitive
    description:
      name: path_provider
      sha256: "3087813781ab814e4157b172f1a11c46be20179fcc9bea043e0fba36bc0acaa2"
      url: "https://pub.dev"
    source: hosted
    version: "2.0.15"
  path_provider_android:
    dependency: transitive
    description:
      name: path_provider_android
      sha256: "2cec049d282c7f13c594b4a73976b0b4f2d7a1838a6dd5aaf7bd9719196bee86"
      url: "https://pub.dev"
    source: hosted
    version: "2.0.27"
  path_provider_foundation:
    dependency: transitive
    description:
      name: path_provider_foundation
      sha256: "1995d88ec2948dac43edf8fe58eb434d35d22a2940ecee1a9fefcd62beee6eb3"
      url: "https://pub.dev"
    source: hosted
    version: "2.2.3"
  path_provider_linux:
    dependency: transitive
    description:
      name: path_provider_linux
      sha256: ffbb8cc9ed2c9ec0e4b7a541e56fd79b138e8f47d2fb86815f15358a349b3b57
      url: "https://pub.dev"
    source: hosted
    version: "2.1.11"
  path_provider_platform_interface:
    dependency: transitive
    description:
      name: path_provider_platform_interface
      sha256: "57585299a729335f1298b43245842678cb9f43a6310351b18fb577d6e33165ec"
      url: "https://pub.dev"
    source: hosted
    version: "2.0.6"
  path_provider_windows:
    dependency: transitive
    description:
      name: path_provider_windows
      sha256: "1cb68ba4cd3a795033de62ba1b7b4564dace301f952de6bfb3cd91b202b6ee96"
      url: "https://pub.dev"
    source: hosted
    version: "2.1.7"
  pedantic:
    dependency: transitive
    description:
      name: pedantic
      sha256: "67fc27ed9639506c856c840ccce7594d0bdcd91bc8d53d6e52359449a1d50602"
      url: "https://pub.dev"
    source: hosted
    version: "1.11.1"
  petitparser:
    dependency: transitive
    description:
      name: petitparser
      sha256: cb3798bef7fc021ac45b308f4b51208a152792445cce0448c9a4ba5879dd8750
      url: "https://pub.dev"
    source: hosted
    version: "5.4.0"
  phoenix_socket:
    dependency: "direct main"
    description:
      name: phoenix_socket
      sha256: dcbf94b27a5492e14b7cc74dfd2e2a6cec73cfb09cee4f1cc19a58dfa40eb3c2
      url: "https://pub.dev"
    source: hosted
    version: "0.6.4"
  pinenacl:
    dependency: transitive
    description:
      name: pinenacl
      sha256: "3a5503637587d635647c93ea9a8fecf48a420cc7deebe6f1fc85c2a5637ab327"
      url: "https://pub.dev"
    source: hosted
    version: "0.5.1"
  platform:
    dependency: transitive
    description:
      name: platform
      sha256: "4a451831508d7d6ca779f7ac6e212b4023dd5a7d08a27a63da33756410e32b76"
      url: "https://pub.dev"
    source: hosted
    version: "3.1.0"
  plugin_platform_interface:
    dependency: transitive
    description:
      name: plugin_platform_interface
      sha256: "6a2128648c854906c53fa8e33986fc0247a1116122f9534dd20e3ab9e16a32bc"
      url: "https://pub.dev"
    source: hosted
    version: "2.1.4"
  pointycastle:
    dependency: transitive
    description:
      name: pointycastle
      sha256: "7c1e5f0d23c9016c5bbd8b1473d0d3fb3fc851b876046039509e18e0c7485f2c"
      url: "https://pub.dev"
    source: hosted
    version: "3.7.3"
  pool:
    dependency: transitive
    description:
      name: pool
      sha256: "20fe868b6314b322ea036ba325e6fc0711a22948856475e2c2b6306e8ab39c2a"
      url: "https://pub.dev"
    source: hosted
    version: "1.5.1"
  process:
    dependency: transitive
    description:
      name: process
      sha256: "53fd8db9cec1d37b0574e12f07520d582019cb6c44abf5479a01505099a34a09"
      url: "https://pub.dev"
    source: hosted
    version: "4.2.4"
  pub_semver:
    dependency: transitive
    description:
      name: pub_semver
      sha256: "40d3ab1bbd474c4c2328c91e3a7df8c6dd629b79ece4c4bd04bee496a224fb0c"
      url: "https://pub.dev"
    source: hosted
    version: "2.1.4"
  pubspec_parse:
    dependency: transitive
    description:
      name: pubspec_parse
      sha256: c63b2876e58e194e4b0828fcb080ad0e06d051cb607a6be51a9e084f47cb9367
      url: "https://pub.dev"
    source: hosted
    version: "1.2.3"
  quiver:
    dependency: transitive
    description:
      name: quiver
      sha256: b1c1ac5ce6688d77f65f3375a9abb9319b3cb32486bdc7a1e0fdf004d7ba4e47
      url: "https://pub.dev"
    source: hosted
    version: "3.2.1"
  riverpod:
    dependency: transitive
    description:
      name: riverpod
      sha256: b0657b5b30c81a3184bdaab353045f0a403ebd60bb381591a8b7ad77dcade793
      url: "https://pub.dev"
    source: hosted
    version: "2.3.7"
  riverpod_analyzer_utils:
    dependency: transitive
    description:
      name: riverpod_analyzer_utils
      sha256: aa216069d72f5478126029fa555874b4b38119f17e3f0f6c93fd63365f74502d
      url: "https://pub.dev"
    source: hosted
    version: "0.3.3"
  riverpod_annotation:
    dependency: "direct main"
    description:
      name: riverpod_annotation
      sha256: "8b3f7a54ddd5d53d6ea04bfb4ff77ee1b0816a1b563c0d9d43e73ce94bf2016d"
      url: "https://pub.dev"
    source: hosted
    version: "2.1.2"
  riverpod_generator:
    dependency: "direct dev"
    description:
      name: riverpod_generator
      sha256: f668015d7b719c413c6001d4790689ea4a7bf76d5109118a1a98d5c23b20160d
      url: "https://pub.dev"
    source: hosted
    version: "2.2.6"
  rxdart:
    dependency: transitive
    description:
      name: rxdart
      sha256: "0c7c0cedd93788d996e33041ffecda924cc54389199cde4e6a34b440f50044cb"
      url: "https://pub.dev"
    source: hosted
    version: "0.27.7"
  secp256k1:
    dependency: transitive
    description:
      name: secp256k1
      sha256: "66310c1fce68d0c3cfae61f9f23aba11f459fb8c84a50bdc6520548c62a4828a"
      url: "https://pub.dev"
    source: hosted
    version: "0.3.0"
  shelf:
    dependency: transitive
    description:
      name: shelf
      sha256: ad29c505aee705f41a4d8963641f91ac4cee3c8fad5947e033390a7bd8180fa4
      url: "https://pub.dev"
    source: hosted
    version: "1.4.1"
  shelf_packages_handler:
    dependency: transitive
    description:
      name: shelf_packages_handler
      sha256: "89f967eca29607c933ba9571d838be31d67f53f6e4ee15147d5dc2934fee1b1e"
      url: "https://pub.dev"
    source: hosted
    version: "3.0.2"
  shelf_static:
    dependency: transitive
    description:
      name: shelf_static
      sha256: a41d3f53c4adf0f57480578c1d61d90342cd617de7fc8077b1304643c2d85c1e
      url: "https://pub.dev"
    source: hosted
    version: "1.1.2"
  shelf_web_socket:
    dependency: transitive
    description:
      name: shelf_web_socket
      sha256: "9ca081be41c60190ebcb4766b2486a7d50261db7bd0f5d9615f2d653637a84c1"
      url: "https://pub.dev"
    source: hosted
    version: "1.0.4"
  sky_engine:
    dependency: transitive
    description: flutter
    source: sdk
    version: "0.0.99"
  source_gen:
    dependency: transitive
    description:
      name: source_gen
      sha256: fc0da689e5302edb6177fdd964efcb7f58912f43c28c2047a808f5bfff643d16
      url: "https://pub.dev"
    source: hosted
    version: "1.4.0"
  source_helper:
    dependency: transitive
    description:
      name: source_helper
      sha256: "6adebc0006c37dd63fe05bca0a929b99f06402fc95aa35bf36d67f5c06de01fd"
      url: "https://pub.dev"
    source: hosted
    version: "1.3.4"
  source_map_stack_trace:
    dependency: transitive
    description:
      name: source_map_stack_trace
      sha256: "84cf769ad83aa6bb61e0aa5a18e53aea683395f196a6f39c4c881fb90ed4f7ae"
      url: "https://pub.dev"
    source: hosted
    version: "2.1.1"
  source_maps:
    dependency: transitive
    description:
      name: source_maps
      sha256: "708b3f6b97248e5781f493b765c3337db11c5d2c81c3094f10904bfa8004c703"
      url: "https://pub.dev"
    source: hosted
    version: "0.10.12"
  source_span:
    dependency: transitive
    description:
      name: source_span
      sha256: "53e943d4206a5e30df338fd4c6e7a077e02254531b138a15aec3bd143c1a8b3c"
      url: "https://pub.dev"
    source: hosted
    version: "1.10.0"
  stack_trace:
    dependency: transitive
    description:
      name: stack_trace
      sha256: c3c7d8edb15bee7f0f74debd4b9c5f3c2ea86766fe4178eb2a18eb30a0bdaed5
      url: "https://pub.dev"
    source: hosted
    version: "1.11.0"
  state_notifier:
    dependency: transitive
    description:
      name: state_notifier
      sha256: "8fe42610f179b843b12371e40db58c9444f8757f8b69d181c97e50787caed289"
      url: "https://pub.dev"
    source: hosted
    version: "0.7.2+1"
  stream_channel:
    dependency: transitive
    description:
      name: stream_channel
      sha256: ba2aa5d8cc609d96bbb2899c28934f9e1af5cddbd60a827822ea467161eb54e7
      url: "https://pub.dev"
    source: hosted
    version: "2.1.2"
  stream_transform:
    dependency: transitive
    description:
      name: stream_transform
      sha256: "14a00e794c7c11aa145a170587321aedce29769c08d7f58b1d141da75e3b1c6f"
      url: "https://pub.dev"
    source: hosted
    version: "2.1.0"
  string_scanner:
    dependency: transitive
    description:
      name: string_scanner
      sha256: "556692adab6cfa87322a115640c11f13cb77b3f076ddcc5d6ae3c20242bedcde"
      url: "https://pub.dev"
    source: hosted
    version: "1.2.0"
  term_glyph:
    dependency: transitive
    description:
      name: term_glyph
      sha256: a29248a84fbb7c79282b40b8c72a1209db169a2e0542bce341da992fe1bc7e84
      url: "https://pub.dev"
    source: hosted
    version: "1.2.1"
  test:
    dependency: "direct dev"
    description:
      name: test
      sha256: "9b0dd8e36af4a5b1569029949d50a52cb2a2a2fdaa20cebb96e6603b9ae241f9"
      url: "https://pub.dev"
    source: hosted
    version: "1.24.6"
  test_api:
    dependency: transitive
    description:
      name: test_api
      sha256: "5c2f730018264d276c20e4f1503fd1308dfbbae39ec8ee63c5236311ac06954b"
      url: "https://pub.dev"
    source: hosted
    version: "0.6.1"
  test_core:
    dependency: transitive
    description:
      name: test_core
      sha256: "4bef837e56375537055fdbbbf6dd458b1859881f4c7e6da936158f77d61ab265"
      url: "https://pub.dev"
    source: hosted
    version: "0.5.6"
  timing:
    dependency: transitive
    description:
      name: timing
      sha256: "70a3b636575d4163c477e6de42f247a23b315ae20e86442bebe32d3cabf61c32"
      url: "https://pub.dev"
    source: hosted
    version: "1.0.1"
  typed_data:
    dependency: transitive
    description:
      name: typed_data
      sha256: facc8d6582f16042dd49f2463ff1bd6e2c9ef9f3d5da3d9b087e244a7b564b3c
      url: "https://pub.dev"
    source: hosted
    version: "1.3.2"
  url_launcher:
    dependency: "direct main"
    description:
      name: url_launcher
      sha256: "781bd58a1eb16069412365c98597726cd8810ae27435f04b3b4d3a470bacd61e"
      url: "https://pub.dev"
    source: hosted
    version: "6.1.12"
  url_launcher_android:
    dependency: transitive
    description:
      name: url_launcher_android
      sha256: "15f5acbf0dce90146a0f5a2c4a002b1814a6303c4c5c075aa2623b2d16156f03"
      url: "https://pub.dev"
    source: hosted
    version: "6.0.36"
  url_launcher_ios:
    dependency: transitive
    description:
      name: url_launcher_ios
      sha256: "9af7ea73259886b92199f9e42c116072f05ff9bea2dcb339ab935dfc957392c2"
      url: "https://pub.dev"
    source: hosted
    version: "6.1.4"
  url_launcher_linux:
    dependency: transitive
    description:
      name: url_launcher_linux
      sha256: "207f4ddda99b95b4d4868320a352d374b0b7e05eefad95a4a26f57da413443f5"
      url: "https://pub.dev"
    source: hosted
    version: "3.0.5"
  url_launcher_macos:
    dependency: transitive
    description:
      name: url_launcher_macos
      sha256: "91ee3e75ea9dadf38036200c5d3743518f4a5eb77a8d13fda1ee5764373f185e"
      url: "https://pub.dev"
    source: hosted
    version: "3.0.5"
  url_launcher_platform_interface:
    dependency: transitive
    description:
      name: url_launcher_platform_interface
      sha256: bfdfa402f1f3298637d71ca8ecfe840b4696698213d5346e9d12d4ab647ee2ea
      url: "https://pub.dev"
    source: hosted
    version: "2.1.3"
  url_launcher_web:
    dependency: transitive
    description:
      name: url_launcher_web
      sha256: "6bb1e5d7fe53daf02a8fee85352432a40b1f868a81880e99ec7440113d5cfcab"
      url: "https://pub.dev"
    source: hosted
    version: "2.0.17"
  url_launcher_windows:
    dependency: transitive
    description:
      name: url_launcher_windows
      sha256: "254708f17f7c20a9c8c471f67d86d76d4a3f9c1591aad1e15292008aceb82771"
      url: "https://pub.dev"
    source: hosted
    version: "3.0.6"
  uuid:
    dependency: transitive
    description:
      name: uuid
      sha256: "648e103079f7c64a36dc7d39369cabb358d377078a051d6ae2ad3aa539519313"
      url: "https://pub.dev"
    source: hosted
    version: "3.0.7"
  vector_graphics:
    dependency: transitive
    description:
      name: vector_graphics
      sha256: "670f6e07aca990b4a2bcdc08a784193c4ccdd1932620244c3a86bb72a0eac67f"
      url: "https://pub.dev"
    source: hosted
    version: "1.1.7"
  vector_graphics_codec:
    dependency: transitive
    description:
      name: vector_graphics_codec
      sha256: "7451721781d967db9933b63f5733b1c4533022c0ba373a01bdd79d1a5457f69f"
      url: "https://pub.dev"
    source: hosted
    version: "1.1.7"
  vector_graphics_compiler:
    dependency: transitive
    description:
      name: vector_graphics_compiler
      sha256: "80a13c613c8bde758b1464a1755a7b3a8f2b6cec61fbf0f5a53c94c30f03ba2e"
      url: "https://pub.dev"
    source: hosted
    version: "1.1.7"
  vector_math:
    dependency: transitive
    description:
      name: vector_math
      sha256: "80b3257d1492ce4d091729e3a67a60407d227c27241d6927be0130c98e741803"
      url: "https://pub.dev"
    source: hosted
    version: "2.1.4"
  vm_service:
    dependency: transitive
    description:
      name: vm_service
      sha256: b8c67f5fa3897b122cf60fe9ff314f7b0ef71eab25c5f8b771480bc338f48823
      url: "https://pub.dev"
    source: hosted
    version: "11.7.2"
  watcher:
    dependency: transitive
    description:
      name: watcher
      sha256: "3d2ad6751b3c16cf07c7fca317a1413b3f26530319181b37e3b9039b84fc01d8"
      url: "https://pub.dev"
    source: hosted
    version: "1.1.0"
  web:
    dependency: transitive
    description:
      name: web
      sha256: dc8ccd225a2005c1be616fe02951e2e342092edf968cf0844220383757ef8f10
      url: "https://pub.dev"
    source: hosted
    version: "0.1.4-beta"
  web_socket_channel:
    dependency: transitive
    description:
      name: web_socket_channel
      sha256: "3a969ddcc204a3e34e863d204b29c0752716f78b6f9cc8235083208d268a4ccd"
      url: "https://pub.dev"
    source: hosted
    version: "2.2.0"
  webkit_inspection_protocol:
    dependency: transitive
    description:
      name: webkit_inspection_protocol
      sha256: "67d3a8b6c79e1987d19d848b0892e582dbb0c66c57cc1fef58a177dd2aa2823d"
      url: "https://pub.dev"
    source: hosted
    version: "1.2.0"
  win32:
    dependency: transitive
    description:
      name: win32
      sha256: "1414f27dd781737e51afa9711f2ac2ace6ab4498ee98e20863fa5505aa00c58c"
      url: "https://pub.dev"
    source: hosted
    version: "5.0.4"
  x25519:
    dependency: transitive
    description:
      name: x25519
      sha256: cec3c125f0d934dccba6c4cab48f3fbf866dc78895dcc5a1584d35b0a845005b
      url: "https://pub.dev"
    source: hosted
    version: "0.1.1"
  xdg_directories:
    dependency: transitive
    description:
      name: xdg_directories
      sha256: ee1505df1426458f7f60aac270645098d318a8b4766d85fde75f76f2e21807d1
      url: "https://pub.dev"
    source: hosted
    version: "1.0.0"
  xml:
    dependency: transitive
    description:
      name: xml
      sha256: "5bc72e1e45e941d825fd7468b9b4cc3b9327942649aeb6fc5cdbf135f0a86e84"
      url: "https://pub.dev"
    source: hosted
    version: "6.3.0"
  yaml:
    dependency: transitive
    description:
      name: yaml
      sha256: "75769501ea3489fca56601ff33454fe45507ea3bfb014161abc3b43ae25989d5"
      url: "https://pub.dev"
    source: hosted
    version: "3.1.2"
sdks:
  dart: ">=3.1.0-185.0.dev <4.0.0"
  flutter: ">=3.10.0"
